
Microsoft Visual Studio Solution File, Format Version 12.00
# Visual Studio 14
VisualStudioVersion = 14.0.25420.1
MinimumVisualStudioVersion = 10.0.40219.1
Project("{FAE04EC0-301F-11D3-BF4B-00C04F79EFBC}") = "Donghui", "Donghui\Donghui.csproj", "{DD816A73-2836-43B2-A355-65395CC2C0F4}"
EndProject
Project("{FAE04EC0-301F-11D3-BF4B-00C04F79EFBC}") = "SqlOper", "SqlOper\SqlOper.csproj", "{37ABCF99-953D-4325-AE07-37AB9A944629}"
EndProject
Global
	GlobalSection(SolutionConfigurationPlatforms) = preSolution
		Debug|Any CPU = Debug|Any CPU
		Release|Any CPU = Release|Any CPU
	EndGlobalSection
	GlobalSection(ProjectConfigurationPlatforms) = postSolution
		{DD816A73-2836-43B2-A355-65395CC2C0F4}.Debug|Any CPU.ActiveCfg = Debug|Any CPU
		{DD816A73-2836-43B2-A355-65395CC2C0F4}.Debug|Any CPU.Build.0 = Debug|Any CPU
		{DD816A73-2836-43B2-A355-65395CC2C0F4}.Release|Any CPU.ActiveCfg = Release|Any CPU
		{DD816A73-2836-43B2-A355-65395CC2C0F4}.Release|Any CPU.Build.0 = Release|Any CPU
		{37ABCF99-953D-4325-AE07-37AB9A944629}.Debug|Any CPU.ActiveCfg = Debug|Any CPU
		{37ABCF99-953D-4325-AE07-37AB9A944629}.Debug|Any CPU.Build.0 = Debug|Any CPU
		{37ABCF99-953D-4325-AE07-37AB9A944629}.Release|Any CPU.ActiveCfg = Release|Any CPU
		{37ABCF99-953D-4325-AE07-37AB9A944629}.Release|Any CPU.Build.0 = Release|Any CPU
	EndGlobalSection
	GlobalSection(SolutionProperties) = preSolution
		HideSolutionNode = FALSE
	EndGlobalSection
EndGlobal
